// !$*UTF8*$!
{
	archiveVersion = 1;
	classes = {
	};
	objectVersion = 55;
	objects = {

/* Begin PBXBuildFile section */
		17CD8F3D2761ED2D009043F0 /* Article.storyboard in Resources */ = {isa = PBXBuildFile; fileRef = 17CD8F3C2761ED2D009043F0 /* Article.storyboard */; };
		17CD8F3F2761ED3F009043F0 /* ArticleCollectionViewCell.swift in Sources */ = {isa = PBXBuildFile; fileRef = 17CD8F3E2761ED3F009043F0 /* ArticleCollectionViewCell.swift */; };
		17CD8F412761ED49009043F0 /* ArticleViewController.swift in Sources */ = {isa = PBXBuildFile; fileRef = 17CD8F402761ED49009043F0 /* ArticleViewController.swift */; };
		17CD8F432761ED55009043F0 /* ArticleListSection.xib in Resources */ = {isa = PBXBuildFile; fileRef = 17CD8F422761ED55009043F0 /* ArticleListSection.xib */; };
		17CD8F452761ED71009043F0 /* Main.storyboard in Resources */ = {isa = PBXBuildFile; fileRef = 17CD8F442761ED71009043F0 /* Main.storyboard */; };
		17CD8F482761ED86009043F0 /* Booking.storyboard in Resources */ = {isa = PBXBuildFile; fileRef = 17CD8F472761ED86009043F0 /* Booking.storyboard */; };
		17CD8F5E2761F106009043F0 /* Profile.storyboard in Resources */ = {isa = PBXBuildFile; fileRef = 17CD8F532761F106009043F0 /* Profile.storyboard */; };
		17CD8F622761F106009043F0 /* LoginViewController.swift in Sources */ = {isa = PBXBuildFile; fileRef = 17CD8F582761F106009043F0 /* LoginViewController.swift */; };
		17CD8F642761F106009043F0 /* ResetPasswordView.swift in Sources */ = {isa = PBXBuildFile; fileRef = 17CD8F5B2761F106009043F0 /* ResetPasswordView.swift */; };
		17CD8F652761F106009043F0 /* ResetPasswordViewController.swift in Sources */ = {isa = PBXBuildFile; fileRef = 17CD8F5C2761F106009043F0 /* ResetPasswordViewController.swift */; };
		17CD8F672761F138009043F0 /* LoginView.swift in Sources */ = {isa = PBXBuildFile; fileRef = 17CD8F562761F106009043F0 /* LoginView.swift */; };
		17CD8F692761F35A009043F0 /* Login.storyboard in Resources */ = {isa = PBXBuildFile; fileRef = 17CD8F572761F106009043F0 /* Login.storyboard */; };
		17CD8F6A2761F366009043F0 /* LoginView.xib in Resources */ = {isa = PBXBuildFile; fileRef = 17CD8F552761F106009043F0 /* LoginView.xib */; };
		17CD8F6B2761F36B009043F0 /* ResetPasswordView.xib in Resources */ = {isa = PBXBuildFile; fileRef = 17CD8F5A2761F106009043F0 /* ResetPasswordView.xib */; };
		3EC13CB92763146B00B4A878 /* UITextField+extension.swift in Sources */ = {isa = PBXBuildFile; fileRef = 3EC13CB82763146B00B4A878 /* UITextField+extension.swift */; };
		3EFA07BC275F99100010AA10 /* UIButton+extension.swift in Sources */ = {isa = PBXBuildFile; fileRef = 3EFA07BB275F99100010AA10 /* UIButton+extension.swift */; };
		8C61212D2762214600511B76 /* RegisterViewController.swift in Sources */ = {isa = PBXBuildFile; fileRef = 8C6121292762214600511B76 /* RegisterViewController.swift */; };
		8C61212E2762214600511B76 /* RegisterView.xib in Resources */ = {isa = PBXBuildFile; fileRef = 8C61212A2762214600511B76 /* RegisterView.xib */; };
		8CB695E627639EE00096BCAB /* Register.storyboard in Resources */ = {isa = PBXBuildFile; fileRef = 8CB695E527639EE00096BCAB /* Register.storyboard */; };
		8CB695E827639EEE0096BCAB /* RegisterView.swift in Sources */ = {isa = PBXBuildFile; fileRef = 8CB695E727639EEE0096BCAB /* RegisterView.swift */; };
		8CB695EE27639F440096BCAB /* UserProfileViewController.swift in Sources */ = {isa = PBXBuildFile; fileRef = 8CB695EA27639F430096BCAB /* UserProfileViewController.swift */; };
		8CB695EF27639F440096BCAB /* UserProfile.storyboard in Resources */ = {isa = PBXBuildFile; fileRef = 8CB695EB27639F430096BCAB /* UserProfile.storyboard */; };
		8CB695F027639F440096BCAB /* UserProfileView.xib in Resources */ = {isa = PBXBuildFile; fileRef = 8CB695EC27639F440096BCAB /* UserProfileView.xib */; };
		8CB695F127639F440096BCAB /* UserProfileView.swift in Sources */ = {isa = PBXBuildFile; fileRef = 8CB695ED27639F440096BCAB /* UserProfileView.swift */; };
		8CB695F527639F850096BCAB /* ChangeDataViewController.swift in Sources */ = {isa = PBXBuildFile; fileRef = 8CB695F327639F850096BCAB /* ChangeDataViewController.swift */; };
		8CB695F627639F850096BCAB /* ChangeData.storyboard in Resources */ = {isa = PBXBuildFile; fileRef = 8CB695F427639F850096BCAB /* ChangeData.storyboard */; };
		924DC49B275F141700FCE093 /* AppDelegate.swift in Sources */ = {isa = PBXBuildFile; fileRef = 924DC49A275F141700FCE093 /* AppDelegate.swift */; };
		924DC49D275F141700FCE093 /* SceneDelegate.swift in Sources */ = {isa = PBXBuildFile; fileRef = 924DC49C275F141700FCE093 /* SceneDelegate.swift */; };
		924DC49F275F141700FCE093 /* ViewController.swift in Sources */ = {isa = PBXBuildFile; fileRef = 924DC49E275F141700FCE093 /* ViewController.swift */; };
		924DC4A4275F141800FCE093 /* Assets.xcassets in Resources */ = {isa = PBXBuildFile; fileRef = 924DC4A3275F141800FCE093 /* Assets.xcassets */; };
		924DC4A7275F141800FCE093 /* LaunchScreen.storyboard in Resources */ = {isa = PBXBuildFile; fileRef = 924DC4A5275F141800FCE093 /* LaunchScreen.storyboard */; };
		924DC4B9275F266500FCE093 /* UIColor.swift in Sources */ = {isa = PBXBuildFile; fileRef = 924DC4B8275F266500FCE093 /* UIColor.swift */; };
		924DC4BB275F269100FCE093 /* DeviceHelper.swift in Sources */ = {isa = PBXBuildFile; fileRef = 924DC4BA275F269100FCE093 /* DeviceHelper.swift */; };
		924DC4BD275F26DF00FCE093 /* Utility.swift in Sources */ = {isa = PBXBuildFile; fileRef = 924DC4BC275F26DF00FCE093 /* Utility.swift */; };
		924DC4C1275F32E900FCE093 /* PopToSelectedController+Exten.swift in Sources */ = {isa = PBXBuildFile; fileRef = 924DC4C0275F32E900FCE093 /* PopToSelectedController+Exten.swift */; };
		924DC4C3275F337200FCE093 /* SetRootView+Extension.swift in Sources */ = {isa = PBXBuildFile; fileRef = 924DC4C2275F337200FCE093 /* SetRootView+Extension.swift */; };
		92A9D65C27620338001BD05C /* ArticleModel.swift in Sources */ = {isa = PBXBuildFile; fileRef = 92A9D65A27620338001BD05C /* ArticleModel.swift */; };
		92A9D65D27620338001BD05C /* LoginModel.swift in Sources */ = {isa = PBXBuildFile; fileRef = 92A9D65B27620338001BD05C /* LoginModel.swift */; };
		92A9D65F27620362001BD05C /* ArticleService.swift in Sources */ = {isa = PBXBuildFile; fileRef = 92A9D65E27620362001BD05C /* ArticleService.swift */; };
		92A9D66327620380001BD05C /* APIService.swift in Sources */ = {isa = PBXBuildFile; fileRef = 92A9D66227620380001BD05C /* APIService.swift */; };
		92A9D66B276213AD001BD05C /* TabBarControll.swift in Sources */ = {isa = PBXBuildFile; fileRef = 92A9D66A276213AD001BD05C /* TabBarControll.swift */; };
/* End PBXBuildFile section */

/* Begin PBXFileReference section */
		17CD8F3C2761ED2D009043F0 /* Article.storyboard */ = {isa = PBXFileReference; fileEncoding = 4; lastKnownFileType = file.storyboard; path = Article.storyboard; sourceTree = "<group>"; };
		17CD8F3E2761ED3F009043F0 /* ArticleCollectionViewCell.swift */ = {isa = PBXFileReference; fileEncoding = 4; lastKnownFileType = sourcecode.swift; path = ArticleCollectionViewCell.swift; sourceTree = "<group>"; };
		17CD8F402761ED49009043F0 /* ArticleViewController.swift */ = {isa = PBXFileReference; fileEncoding = 4; lastKnownFileType = sourcecode.swift; path = ArticleViewController.swift; sourceTree = "<group>"; };
		17CD8F422761ED55009043F0 /* ArticleListSection.xib */ = {isa = PBXFileReference; fileEncoding = 4; lastKnownFileType = file.xib; path = ArticleListSection.xib; sourceTree = "<group>"; };
		17CD8F442761ED71009043F0 /* Main.storyboard */ = {isa = PBXFileReference; fileEncoding = 4; lastKnownFileType = file.storyboard; path = Main.storyboard; sourceTree = "<group>"; };
		17CD8F472761ED86009043F0 /* Booking.storyboard */ = {isa = PBXFileReference; fileEncoding = 4; lastKnownFileType = file.storyboard; path = Booking.storyboard; sourceTree = "<group>"; };
		17CD8F532761F106009043F0 /* Profile.storyboard */ = {isa = PBXFileReference; fileEncoding = 4; lastKnownFileType = file.storyboard; path = Profile.storyboard; sourceTree = "<group>"; };
		17CD8F552761F106009043F0 /* LoginView.xib */ = {isa = PBXFileReference; fileEncoding = 4; lastKnownFileType = file.xib; path = LoginView.xib; sourceTree = "<group>"; };
		17CD8F562761F106009043F0 /* LoginView.swift */ = {isa = PBXFileReference; fileEncoding = 4; lastKnownFileType = sourcecode.swift; path = LoginView.swift; sourceTree = "<group>"; };
		17CD8F572761F106009043F0 /* Login.storyboard */ = {isa = PBXFileReference; fileEncoding = 4; lastKnownFileType = file.storyboard; path = Login.storyboard; sourceTree = "<group>"; };
		17CD8F582761F106009043F0 /* LoginViewController.swift */ = {isa = PBXFileReference; fileEncoding = 4; lastKnownFileType = sourcecode.swift; path = LoginViewController.swift; sourceTree = "<group>"; };
		17CD8F5A2761F106009043F0 /* ResetPasswordView.xib */ = {isa = PBXFileReference; fileEncoding = 4; lastKnownFileType = file.xib; path = ResetPasswordView.xib; sourceTree = "<group>"; };
		17CD8F5B2761F106009043F0 /* ResetPasswordView.swift */ = {isa = PBXFileReference; fileEncoding = 4; lastKnownFileType = sourcecode.swift; path = ResetPasswordView.swift; sourceTree = "<group>"; };
		17CD8F5C2761F106009043F0 /* ResetPasswordViewController.swift */ = {isa = PBXFileReference; fileEncoding = 4; lastKnownFileType = sourcecode.swift; path = ResetPasswordViewController.swift; sourceTree = "<group>"; };
		3EC13CB82763146B00B4A878 /* UITextField+extension.swift */ = {isa = PBXFileReference; fileEncoding = 4; lastKnownFileType = sourcecode.swift; path = "UITextField+extension.swift"; sourceTree = "<group>"; };
		3EFA07BB275F99100010AA10 /* UIButton+extension.swift */ = {isa = PBXFileReference; lastKnownFileType = sourcecode.swift; path = "UIButton+extension.swift"; sourceTree = "<group>"; };
		8C6121292762214600511B76 /* RegisterViewController.swift */ = {isa = PBXFileReference; fileEncoding = 4; lastKnownFileType = sourcecode.swift; path = RegisterViewController.swift; sourceTree = "<group>"; };
		8C61212A2762214600511B76 /* RegisterView.xib */ = {isa = PBXFileReference; fileEncoding = 4; lastKnownFileType = file.xib; path = RegisterView.xib; sourceTree = "<group>"; };
		8CB695E527639EE00096BCAB /* Register.storyboard */ = {isa = PBXFileReference; fileEncoding = 4; lastKnownFileType = file.storyboard; path = Register.storyboard; sourceTree = "<group>"; };
		8CB695E727639EEE0096BCAB /* RegisterView.swift */ = {isa = PBXFileReference; fileEncoding = 4; lastKnownFileType = sourcecode.swift; path = RegisterView.swift; sourceTree = "<group>"; };
		8CB695EA27639F430096BCAB /* UserProfileViewController.swift */ = {isa = PBXFileReference; fileEncoding = 4; lastKnownFileType = sourcecode.swift; path = UserProfileViewController.swift; sourceTree = "<group>"; };
		8CB695EB27639F430096BCAB /* UserProfile.storyboard */ = {isa = PBXFileReference; fileEncoding = 4; lastKnownFileType = file.storyboard; path = UserProfile.storyboard; sourceTree = "<group>"; };
		8CB695EC27639F440096BCAB /* UserProfileView.xib */ = {isa = PBXFileReference; fileEncoding = 4; lastKnownFileType = file.xib; path = UserProfileView.xib; sourceTree = "<group>"; };
		8CB695ED27639F440096BCAB /* UserProfileView.swift */ = {isa = PBXFileReference; fileEncoding = 4; lastKnownFileType = sourcecode.swift; path = UserProfileView.swift; sourceTree = "<group>"; };
		8CB695F327639F850096BCAB /* ChangeDataViewController.swift */ = {isa = PBXFileReference; fileEncoding = 4; lastKnownFileType = sourcecode.swift; path = ChangeDataViewController.swift; sourceTree = "<group>"; };
		8CB695F427639F850096BCAB /* ChangeData.storyboard */ = {isa = PBXFileReference; fileEncoding = 4; lastKnownFileType = file.storyboard; path = ChangeData.storyboard; sourceTree = "<group>"; };
		924DC497275F141700FCE093 /* Alodokter_Rakamin_Bootcamp.app */ = {isa = PBXFileReference; explicitFileType = wrapper.application; includeInIndex = 0; path = Alodokter_Rakamin_Bootcamp.app; sourceTree = BUILT_PRODUCTS_DIR; };
		924DC49A275F141700FCE093 /* AppDelegate.swift */ = {isa = PBXFileReference; lastKnownFileType = sourcecode.swift; path = AppDelegate.swift; sourceTree = "<group>"; };
		924DC49C275F141700FCE093 /* SceneDelegate.swift */ = {isa = PBXFileReference; lastKnownFileType = sourcecode.swift; path = SceneDelegate.swift; sourceTree = "<group>"; };
		924DC49E275F141700FCE093 /* ViewController.swift */ = {isa = PBXFileReference; lastKnownFileType = sourcecode.swift; path = ViewController.swift; sourceTree = "<group>"; };
		924DC4A3275F141800FCE093 /* Assets.xcassets */ = {isa = PBXFileReference; lastKnownFileType = folder.assetcatalog; path = Assets.xcassets; sourceTree = "<group>"; };
		924DC4A6275F141800FCE093 /* Base */ = {isa = PBXFileReference; lastKnownFileType = file.storyboard; name = Base; path = Base.lproj/LaunchScreen.storyboard; sourceTree = "<group>"; };
		924DC4A8275F141800FCE093 /* Info.plist */ = {isa = PBXFileReference; lastKnownFileType = text.plist.xml; path = Info.plist; sourceTree = "<group>"; };
		924DC4B8275F266500FCE093 /* UIColor.swift */ = {isa = PBXFileReference; lastKnownFileType = sourcecode.swift; path = UIColor.swift; sourceTree = "<group>"; };
		924DC4BA275F269100FCE093 /* DeviceHelper.swift */ = {isa = PBXFileReference; lastKnownFileType = sourcecode.swift; path = DeviceHelper.swift; sourceTree = "<group>"; };
		924DC4BC275F26DF00FCE093 /* Utility.swift */ = {isa = PBXFileReference; lastKnownFileType = sourcecode.swift; path = Utility.swift; sourceTree = "<group>"; };
		924DC4C0275F32E900FCE093 /* PopToSelectedController+Exten.swift */ = {isa = PBXFileReference; lastKnownFileType = sourcecode.swift; path = "PopToSelectedController+Exten.swift"; sourceTree = "<group>"; };
		924DC4C2275F337200FCE093 /* SetRootView+Extension.swift */ = {isa = PBXFileReference; lastKnownFileType = sourcecode.swift; path = "SetRootView+Extension.swift"; sourceTree = "<group>"; };
		92A9D65A27620338001BD05C /* ArticleModel.swift */ = {isa = PBXFileReference; fileEncoding = 4; lastKnownFileType = sourcecode.swift; path = ArticleModel.swift; sourceTree = "<group>"; };
		92A9D65B27620338001BD05C /* LoginModel.swift */ = {isa = PBXFileReference; fileEncoding = 4; lastKnownFileType = sourcecode.swift; path = LoginModel.swift; sourceTree = "<group>"; };
		92A9D65E27620362001BD05C /* ArticleService.swift */ = {isa = PBXFileReference; fileEncoding = 4; lastKnownFileType = sourcecode.swift; path = ArticleService.swift; sourceTree = "<group>"; };
		92A9D6602762036B001BD05C /* UserLoginService.swift */ = {isa = PBXFileReference; fileEncoding = 4; lastKnownFileType = sourcecode.swift; path = UserLoginService.swift; sourceTree = "<group>"; };
		92A9D66227620380001BD05C /* APIService.swift */ = {isa = PBXFileReference; fileEncoding = 4; lastKnownFileType = sourcecode.swift; path = APIService.swift; sourceTree = "<group>"; };
		92A9D66A276213AD001BD05C /* TabBarControll.swift */ = {isa = PBXFileReference; lastKnownFileType = sourcecode.swift; path = TabBarControll.swift; sourceTree = "<group>"; };
/* End PBXFileReference section */

/* Begin PBXFrameworksBuildPhase section */
		924DC494275F141700FCE093 /* Frameworks */ = {
			isa = PBXFrameworksBuildPhase;
			buildActionMask = 2147483647;
			files = (
			);
			runOnlyForDeploymentPostprocessing = 0;
		};
/* End PBXFrameworksBuildPhase section */

/* Begin PBXGroup section */
		17CD8F392761ECAC009043F0 /* Artikel */ = {
			isa = PBXGroup;
			children = (
				92A9D65E27620362001BD05C /* ArticleService.swift */,
				17CD8F3C2761ED2D009043F0 /* Article.storyboard */,
				17CD8F422761ED55009043F0 /* ArticleListSection.xib */,
				17CD8F3E2761ED3F009043F0 /* ArticleCollectionViewCell.swift */,
				17CD8F402761ED49009043F0 /* ArticleViewController.swift */,
			);
			name = Artikel;
			sourceTree = "<group>";
		};
		17CD8F462761ED7D009043F0 /* Booking */ = {
			isa = PBXGroup;
			children = (
				17CD8F472761ED86009043F0 /* Booking.storyboard */,
			);
			name = Booking;
			sourceTree = "<group>";
		};
		17CD8F522761F0E3009043F0 /* Profile */ = {
			isa = PBXGroup;
			children = (
				8CB695F227639F790096BCAB /* ChangeData */,
				8CB695E927639F2E0096BCAB /* UserProfile */,
				17CD8F542761F106009043F0 /* Login */,
				17CD8F532761F106009043F0 /* Profile.storyboard */,
				17CD8F592761F106009043F0 /* ResetPassword */,
			);
			name = Profile;
			sourceTree = "<group>";
		};
		17CD8F542761F106009043F0 /* Login */ = {
			isa = PBXGroup;
			children = (
				17CD8F552761F106009043F0 /* LoginView.xib */,
				17CD8F562761F106009043F0 /* LoginView.swift */,
				17CD8F572761F106009043F0 /* Login.storyboard */,
				17CD8F582761F106009043F0 /* LoginViewController.swift */,
			);
			path = Login;
			sourceTree = "<group>";
		};
		17CD8F592761F106009043F0 /* ResetPassword */ = {
			isa = PBXGroup;
			children = (
				17CD8F5A2761F106009043F0 /* ResetPasswordView.xib */,
				17CD8F5B2761F106009043F0 /* ResetPasswordView.swift */,
				17CD8F5C2761F106009043F0 /* ResetPasswordViewController.swift */,
			);
			path = ResetPassword;
			sourceTree = "<group>";
		};
		8C6121282762213700511B76 /* Register */ = {
			isa = PBXGroup;
			children = (
				8CB695E727639EEE0096BCAB /* RegisterView.swift */,
				8CB695E527639EE00096BCAB /* Register.storyboard */,
				8C61212A2762214600511B76 /* RegisterView.xib */,
				8C6121292762214600511B76 /* RegisterViewController.swift */,
			);
			name = Register;
			sourceTree = "<group>";
		};
		8CB695E927639F2E0096BCAB /* UserProfile */ = {
			isa = PBXGroup;
			children = (
				8CB695EB27639F430096BCAB /* UserProfile.storyboard */,
				8CB695ED27639F440096BCAB /* UserProfileView.swift */,
				8CB695EC27639F440096BCAB /* UserProfileView.xib */,
				8CB695EA27639F430096BCAB /* UserProfileViewController.swift */,
			);
			path = UserProfile;
			sourceTree = "<group>";
		};
		8CB695F227639F790096BCAB /* ChangeData */ = {
			isa = PBXGroup;
			children = (
				8CB695F427639F850096BCAB /* ChangeData.storyboard */,
				8CB695F327639F850096BCAB /* ChangeDataViewController.swift */,
			);
			path = ChangeData;
			sourceTree = "<group>";
		};
		924DC48E275F141700FCE093 = {
			isa = PBXGroup;
			children = (
				924DC499275F141700FCE093 /* Alodokter_Rakamin_Bootcamp */,
				924DC498275F141700FCE093 /* Products */,
				92DA8AE32763AA0300028BF3 /* Recovered References */,
			);
			sourceTree = "<group>";
		};
		924DC498275F141700FCE093 /* Products */ = {
			isa = PBXGroup;
			children = (
				924DC497275F141700FCE093 /* Alodokter_Rakamin_Bootcamp.app */,
			);
			name = Products;
			sourceTree = "<group>";
		};
		924DC499275F141700FCE093 /* Alodokter_Rakamin_Bootcamp */ = {
			isa = PBXGroup;
			children = (
				92A9D6592762032B001BD05C /* Model */,
				92A9D6582762030D001BD05C /* Base */,
				924DC4B3275F25BA00FCE093 /* Feature */,
				924DC4BF275F32DA00FCE093 /* Extension */,
				924DC4B7275F264C00FCE093 /* Helper */,
				924DC49A275F141700FCE093 /* AppDelegate.swift */,
				924DC49C275F141700FCE093 /* SceneDelegate.swift */,
				924DC49E275F141700FCE093 /* ViewController.swift */,
				924DC4A3275F141800FCE093 /* Assets.xcassets */,
				17CD8F442761ED71009043F0 /* Main.storyboard */,
				924DC4A5275F141800FCE093 /* LaunchScreen.storyboard */,
				924DC4A8275F141800FCE093 /* Info.plist */,
				92A9D66A276213AD001BD05C /* TabBarControll.swift */,
			);
			path = Alodokter_Rakamin_Bootcamp;
			sourceTree = "<group>";
		};
		924DC4B3275F25BA00FCE093 /* Feature */ = {
			isa = PBXGroup;
			children = (
				8C6121282762213700511B76 /* Register */,
				17CD8F522761F0E3009043F0 /* Profile */,
				17CD8F392761ECAC009043F0 /* Artikel */,
				17CD8F462761ED7D009043F0 /* Booking */,
			);
			path = Feature;
			sourceTree = "<group>";
		};
		924DC4B7275F264C00FCE093 /* Helper */ = {
			isa = PBXGroup;
			children = (
				924DC4B8275F266500FCE093 /* UIColor.swift */,
				924DC4BA275F269100FCE093 /* DeviceHelper.swift */,
				924DC4BC275F26DF00FCE093 /* Utility.swift */,
				3EFA07BB275F99100010AA10 /* UIButton+extension.swift */,
				3EC13CB82763146B00B4A878 /* UITextField+extension.swift */,
			);
			path = Helper;
			sourceTree = "<group>";
		};
		924DC4BF275F32DA00FCE093 /* Extension */ = {
			isa = PBXGroup;
			children = (
				924DC4C0275F32E900FCE093 /* PopToSelectedController+Exten.swift */,
				924DC4C2275F337200FCE093 /* SetRootView+Extension.swift */,
			);
			path = Extension;
			sourceTree = "<group>";
		};
		92A9D6582762030D001BD05C /* Base */ = {
			isa = PBXGroup;
			children = (
				92A9D66227620380001BD05C /* APIService.swift */,
			);
			path = Base;
			sourceTree = "<group>";
		};
		92A9D6592762032B001BD05C /* Model */ = {
			isa = PBXGroup;
			children = (
				92A9D65A27620338001BD05C /* ArticleModel.swift */,
				92A9D65B27620338001BD05C /* LoginModel.swift */,
			);
			path = Model;
			sourceTree = "<group>";
		};
		92DA8AE32763AA0300028BF3 /* Recovered References */ = {
			isa = PBXGroup;
			children = (
				92A9D6602762036B001BD05C /* UserLoginService.swift */,
			);
			name = "Recovered References";
			sourceTree = "<group>";
		};
/* End PBXGroup section */

/* Begin PBXNativeTarget section */
		924DC496275F141700FCE093 /* Alodokter_Rakamin_Bootcamp */ = {
			isa = PBXNativeTarget;
			buildConfigurationList = 924DC4AB275F141800FCE093 /* Build configuration list for PBXNativeTarget "Alodokter_Rakamin_Bootcamp" */;
			buildPhases = (
				924DC493275F141700FCE093 /* Sources */,
				924DC494275F141700FCE093 /* Frameworks */,
				924DC495275F141700FCE093 /* Resources */,
			);
			buildRules = (
			);
			dependencies = (
			);
			name = Alodokter_Rakamin_Bootcamp;
			productName = Alodokter_Rakamin_Bootcamp;
			productReference = 924DC497275F141700FCE093 /* Alodokter_Rakamin_Bootcamp.app */;
			productType = "com.apple.product-type.application";
		};
/* End PBXNativeTarget section */

/* Begin PBXProject section */
		924DC48F275F141700FCE093 /* Project object */ = {
			isa = PBXProject;
			attributes = {
				BuildIndependentTargetsInParallel = 1;
				LastSwiftUpdateCheck = 1310;
				LastUpgradeCheck = 1310;
				TargetAttributes = {
					924DC496275F141700FCE093 = {
						CreatedOnToolsVersion = 13.1;
					};
				};
			};
			buildConfigurationList = 924DC492275F141700FCE093 /* Build configuration list for PBXProject "Alodokter_Rakamin_Bootcamp" */;
			compatibilityVersion = "Xcode 13.0";
			developmentRegion = en;
			hasScannedForEncodings = 0;
			knownRegions = (
				en,
				Base,
			);
			mainGroup = 924DC48E275F141700FCE093;
			productRefGroup = 924DC498275F141700FCE093 /* Products */;
			projectDirPath = "";
			projectRoot = "";
			targets = (
				924DC496275F141700FCE093 /* Alodokter_Rakamin_Bootcamp */,
			);
		};
/* End PBXProject section */

/* Begin PBXResourcesBuildPhase section */
		924DC495275F141700FCE093 /* Resources */ = {
			isa = PBXResourcesBuildPhase;
			buildActionMask = 2147483647;
			files = (
				8C61212E2762214600511B76 /* RegisterView.xib in Resources */,
				17CD8F6B2761F36B009043F0 /* ResetPasswordView.xib in Resources */,
				17CD8F6A2761F366009043F0 /* LoginView.xib in Resources */,
				17CD8F692761F35A009043F0 /* Login.storyboard in Resources */,
				17CD8F432761ED55009043F0 /* ArticleListSection.xib in Resources */,
				924DC4A7275F141800FCE093 /* LaunchScreen.storyboard in Resources */,
				924DC4A4275F141800FCE093 /* Assets.xcassets in Resources */,
				8CB695F627639F850096BCAB /* ChangeData.storyboard in Resources */,
				8CB695F027639F440096BCAB /* UserProfileView.xib in Resources */,
				17CD8F482761ED86009043F0 /* Booking.storyboard in Resources */,
				17CD8F452761ED71009043F0 /* Main.storyboard in Resources */,
				17CD8F5E2761F106009043F0 /* Profile.storyboard in Resources */,
				8CB695EF27639F440096BCAB /* UserProfile.storyboard in Resources */,
				17CD8F3D2761ED2D009043F0 /* Article.storyboard in Resources */,
				8CB695E627639EE00096BCAB /* Register.storyboard in Resources */,
			);
			runOnlyForDeploymentPostprocessing = 0;
		};
/* End PBXResourcesBuildPhase section */

/* Begin PBXSourcesBuildPhase section */
		924DC493275F141700FCE093 /* Sources */ = {
			isa = PBXSourcesBuildPhase;
			buildActionMask = 2147483647;
			files = (
				17CD8F672761F138009043F0 /* LoginView.swift in Sources */,
				92A9D66327620380001BD05C /* APIService.swift in Sources */,
				17CD8F622761F106009043F0 /* LoginViewController.swift in Sources */,
				8CB695EE27639F440096BCAB /* UserProfileViewController.swift in Sources */,
				8CB695F527639F850096BCAB /* ChangeDataViewController.swift in Sources */,
				924DC49F275F141700FCE093 /* ViewController.swift in Sources */,
				17CD8F652761F106009043F0 /* ResetPasswordViewController.swift in Sources */,
				924DC49B275F141700FCE093 /* AppDelegate.swift in Sources */,
				924DC4C3275F337200FCE093 /* SetRootView+Extension.swift in Sources */,
				92A9D65F27620362001BD05C /* ArticleService.swift in Sources */,
				924DC4BD275F26DF00FCE093 /* Utility.swift in Sources */,
				924DC49D275F141700FCE093 /* SceneDelegate.swift in Sources */,
				8CB695E827639EEE0096BCAB /* RegisterView.swift in Sources */,
				17CD8F412761ED49009043F0 /* ArticleViewController.swift in Sources */,
				92A9D65C27620338001BD05C /* ArticleModel.swift in Sources */,
				3EFA07BC275F99100010AA10 /* UIButton+extension.swift in Sources */,
				924DC4B9275F266500FCE093 /* UIColor.swift in Sources */,
				92A9D65D27620338001BD05C /* LoginModel.swift in Sources */,
				17CD8F3F2761ED3F009043F0 /* ArticleCollectionViewCell.swift in Sources */,
				8CB695F127639F440096BCAB /* UserProfileView.swift in Sources */,
				8C61212D2762214600511B76 /* RegisterViewController.swift in Sources */,
				17CD8F642761F106009043F0 /* ResetPasswordView.swift in Sources */,
				924DC4C1275F32E900FCE093 /* PopToSelectedController+Exten.swift in Sources */,
				92A9D66B276213AD001BD05C /* TabBarControll.swift in Sources */,
				924DC4BB275F269100FCE093 /* DeviceHelper.swift in Sources */,
			);
			runOnlyForDeploymentPostprocessing = 0;
		};
/* End PBXSourcesBuildPhase section */

/* Begin PBXVariantGroup section */
		924DC4A5275F141800FCE093 /* LaunchScreen.storyboard */ = {
			isa = PBXVariantGroup;
			children = (
				924DC4A6275F141800FCE093 /* Base */,
			);
			name = LaunchScreen.storyboard;
			sourceTree = "<group>";
		};
/* End PBXVariantGroup section */

/* Begin XCBuildConfiguration section */
		924DC4A9275F141800FCE093 /* Debug */ = {
			isa = XCBuildConfiguration;
			buildSettings = {
				ALWAYS_SEARCH_USER_PATHS = NO;
				CLANG_ANALYZER_NONNULL = YES;
				CLANG_ANALYZER_NUMBER_OBJECT_CONVERSION = YES_AGGRESSIVE;
				CLANG_CXX_LANGUAGE_STANDARD = "gnu++17";
				CLANG_CXX_LIBRARY = "libc++";
				CLANG_ENABLE_MODULES = YES;
				CLANG_ENABLE_OBJC_ARC = YES;
				CLANG_ENABLE_OBJC_WEAK = YES;
				CLANG_WARN_BLOCK_CAPTURE_AUTORELEASING = YES;
				CLANG_WARN_BOOL_CONVERSION = YES;
				CLANG_WARN_COMMA = YES;
				CLANG_WARN_CONSTANT_CONVERSION = YES;
				CLANG_WARN_DEPRECATED_OBJC_IMPLEMENTATIONS = YES;
				CLANG_WARN_DIRECT_OBJC_ISA_USAGE = YES_ERROR;
				CLANG_WARN_DOCUMENTATION_COMMENTS = YES;
				CLANG_WARN_EMPTY_BODY = YES;
				CLANG_WARN_ENUM_CONVERSION = YES;
				CLANG_WARN_INFINITE_RECURSION = YES;
				CLANG_WARN_INT_CONVERSION = YES;
				CLANG_WARN_NON_LITERAL_NULL_CONVERSION = YES;
				CLANG_WARN_OBJC_IMPLICIT_RETAIN_SELF = YES;
				CLANG_WARN_OBJC_LITERAL_CONVERSION = YES;
				CLANG_WARN_OBJC_ROOT_CLASS = YES_ERROR;
				CLANG_WARN_QUOTED_INCLUDE_IN_FRAMEWORK_HEADER = YES;
				CLANG_WARN_RANGE_LOOP_ANALYSIS = YES;
				CLANG_WARN_STRICT_PROTOTYPES = YES;
				CLANG_WARN_SUSPICIOUS_MOVE = YES;
				CLANG_WARN_UNGUARDED_AVAILABILITY = YES_AGGRESSIVE;
				CLANG_WARN_UNREACHABLE_CODE = YES;
				CLANG_WARN__DUPLICATE_METHOD_MATCH = YES;
				COPY_PHASE_STRIP = NO;
				DEBUG_INFORMATION_FORMAT = dwarf;
				ENABLE_STRICT_OBJC_MSGSEND = YES;
				ENABLE_TESTABILITY = YES;
				GCC_C_LANGUAGE_STANDARD = gnu11;
				GCC_DYNAMIC_NO_PIC = NO;
				GCC_NO_COMMON_BLOCKS = YES;
				GCC_OPTIMIZATION_LEVEL = 0;
				GCC_PREPROCESSOR_DEFINITIONS = (
					"DEBUG=1",
					"$(inherited)",
				);
				GCC_WARN_64_TO_32_BIT_CONVERSION = YES;
				GCC_WARN_ABOUT_RETURN_TYPE = YES_ERROR;
				GCC_WARN_UNDECLARED_SELECTOR = YES;
				GCC_WARN_UNINITIALIZED_AUTOS = YES_AGGRESSIVE;
				GCC_WARN_UNUSED_FUNCTION = YES;
				GCC_WARN_UNUSED_VARIABLE = YES;
				IPHONEOS_DEPLOYMENT_TARGET = 15.0;
				MTL_ENABLE_DEBUG_INFO = INCLUDE_SOURCE;
				MTL_FAST_MATH = YES;
				ONLY_ACTIVE_ARCH = YES;
				SDKROOT = iphoneos;
				SWIFT_ACTIVE_COMPILATION_CONDITIONS = DEBUG;
				SWIFT_OPTIMIZATION_LEVEL = "-Onone";
			};
			name = Debug;
		};
		924DC4AA275F141800FCE093 /* Release */ = {
			isa = XCBuildConfiguration;
			buildSettings = {
				ALWAYS_SEARCH_USER_PATHS = NO;
				CLANG_ANALYZER_NONNULL = YES;
				CLANG_ANALYZER_NUMBER_OBJECT_CONVERSION = YES_AGGRESSIVE;
				CLANG_CXX_LANGUAGE_STANDARD = "gnu++17";
				CLANG_CXX_LIBRARY = "libc++";
				CLANG_ENABLE_MODULES = YES;
				CLANG_ENABLE_OBJC_ARC = YES;
				CLANG_ENABLE_OBJC_WEAK = YES;
				CLANG_WARN_BLOCK_CAPTURE_AUTORELEASING = YES;
				CLANG_WARN_BOOL_CONVERSION = YES;
				CLANG_WARN_COMMA = YES;
				CLANG_WARN_CONSTANT_CONVERSION = YES;
				CLANG_WARN_DEPRECATED_OBJC_IMPLEMENTATIONS = YES;
				CLANG_WARN_DIRECT_OBJC_ISA_USAGE = YES_ERROR;
				CLANG_WARN_DOCUMENTATION_COMMENTS = YES;
				CLANG_WARN_EMPTY_BODY = YES;
				CLANG_WARN_ENUM_CONVERSION = YES;
				CLANG_WARN_INFINITE_RECURSION = YES;
				CLANG_WARN_INT_CONVERSION = YES;
				CLANG_WARN_NON_LITERAL_NULL_CONVERSION = YES;
				CLANG_WARN_OBJC_IMPLICIT_RETAIN_SELF = YES;
				CLANG_WARN_OBJC_LITERAL_CONVERSION = YES;
				CLANG_WARN_OBJC_ROOT_CLASS = YES_ERROR;
				CLANG_WARN_QUOTED_INCLUDE_IN_FRAMEWORK_HEADER = YES;
				CLANG_WARN_RANGE_LOOP_ANALYSIS = YES;
				CLANG_WARN_STRICT_PROTOTYPES = YES;
				CLANG_WARN_SUSPICIOUS_MOVE = YES;
				CLANG_WARN_UNGUARDED_AVAILABILITY = YES_AGGRESSIVE;
				CLANG_WARN_UNREACHABLE_CODE = YES;
				CLANG_WARN__DUPLICATE_METHOD_MATCH = YES;
				COPY_PHASE_STRIP = NO;
				DEBUG_INFORMATION_FORMAT = "dwarf-with-dsym";
				ENABLE_NS_ASSERTIONS = NO;
				ENABLE_STRICT_OBJC_MSGSEND = YES;
				GCC_C_LANGUAGE_STANDARD = gnu11;
				GCC_NO_COMMON_BLOCKS = YES;
				GCC_WARN_64_TO_32_BIT_CONVERSION = YES;
				GCC_WARN_ABOUT_RETURN_TYPE = YES_ERROR;
				GCC_WARN_UNDECLARED_SELECTOR = YES;
				GCC_WARN_UNINITIALIZED_AUTOS = YES_AGGRESSIVE;
				GCC_WARN_UNUSED_FUNCTION = YES;
				GCC_WARN_UNUSED_VARIABLE = YES;
				IPHONEOS_DEPLOYMENT_TARGET = 15.0;
				MTL_ENABLE_DEBUG_INFO = NO;
				MTL_FAST_MATH = YES;
				SDKROOT = iphoneos;
				SWIFT_COMPILATION_MODE = wholemodule;
				SWIFT_OPTIMIZATION_LEVEL = "-O";
				VALIDATE_PRODUCT = YES;
			};
			name = Release;
		};
		924DC4AC275F141800FCE093 /* Debug */ = {
			isa = XCBuildConfiguration;
			buildSettings = {
				ASSETCATALOG_COMPILER_APPICON_NAME = AppIcon;
				ASSETCATALOG_COMPILER_GLOBAL_ACCENT_COLOR_NAME = AccentColor;
				CODE_SIGN_STYLE = Automatic;
				CURRENT_PROJECT_VERSION = 1;
				DEVELOPMENT_TEAM = 6W5NPNJGK4;
				GENERATE_INFOPLIST_FILE = YES;
				INFOPLIST_FILE = Alodokter_Rakamin_Bootcamp/Info.plist;
				INFOPLIST_KEY_UIApplicationSupportsIndirectInputEvents = YES;
				INFOPLIST_KEY_UILaunchStoryboardName = LaunchScreen;
				INFOPLIST_KEY_UIMainStoryboardFile = UserProfile;
				INFOPLIST_KEY_UISupportedInterfaceOrientations_iPad = "UIInterfaceOrientationPortrait UIInterfaceOrientationPortraitUpsideDown UIInterfaceOrientationLandscapeLeft UIInterfaceOrientationLandscapeRight";
				INFOPLIST_KEY_UISupportedInterfaceOrientations_iPhone = "UIInterfaceOrientationPortrait UIInterfaceOrientationLandscapeLeft UIInterfaceOrientationLandscapeRight";
				LD_RUNPATH_SEARCH_PATHS = (
					"$(inherited)",
					"@executable_path/Frameworks",
				);
				MARKETING_VERSION = 1.0;
				PRODUCT_BUNDLE_IDENTIFIER = "apple-academy.Alodokter-Rakamin-Bootcamp";
				PRODUCT_NAME = "$(TARGET_NAME)";
				SWIFT_EMIT_LOC_STRINGS = YES;
				SWIFT_VERSION = 5.0;
				TARGETED_DEVICE_FAMILY = "1,2";
			};
			name = Debug;
		};
		924DC4AD275F141800FCE093 /* Release */ = {
			isa = XCBuildConfiguration;
			buildSettings = {
				ASSETCATALOG_COMPILER_APPICON_NAME = AppIcon;
				ASSETCATALOG_COMPILER_GLOBAL_ACCENT_COLOR_NAME = AccentColor;
				CODE_SIGN_STYLE = Automatic;
				CURRENT_PROJECT_VERSION = 1;
				DEVELOPMENT_TEAM = 6W5NPNJGK4;
				GENERATE_INFOPLIST_FILE = YES;
				INFOPLIST_FILE = Alodokter_Rakamin_Bootcamp/Info.plist;
				INFOPLIST_KEY_UIApplicationSupportsIndirectInputEvents = YES;
				INFOPLIST_KEY_UILaunchStoryboardName = LaunchScreen;
				INFOPLIST_KEY_UIMainStoryboardFile = UserProfile;
				INFOPLIST_KEY_UISupportedInterfaceOrientations_iPad = "UIInterfaceOrientationPortrait UIInterfaceOrientationPortraitUpsideDown UIInterfaceOrientationLandscapeLeft UIInterfaceOrientationLandscapeRight";
				INFOPLIST_KEY_UISupportedInterfaceOrientations_iPhone = "UIInterfaceOrientationPortrait UIInterfaceOrientationLandscapeLeft UIInterfaceOrientationLandscapeRight";
				LD_RUNPATH_SEARCH_PATHS = (
					"$(inherited)",
					"@executable_path/Frameworks",
				);
				MARKETING_VERSION = 1.0;
				PRODUCT_BUNDLE_IDENTIFIER = "apple-academy.Alodokter-Rakamin-Bootcamp";
				PRODUCT_NAME = "$(TARGET_NAME)";
				SWIFT_EMIT_LOC_STRINGS = YES;
				SWIFT_VERSION = 5.0;
				TARGETED_DEVICE_FAMILY = "1,2";
			};
			name = Release;
		};
/* End XCBuildConfiguration section */

/* Begin XCConfigurationList section */
		924DC492275F141700FCE093 /* Build configuration list for PBXProject "Alodokter_Rakamin_Bootcamp" */ = {
			isa = XCConfigurationList;
			buildConfigurations = (
				924DC4A9275F141800FCE093 /* Debug */,
				924DC4AA275F141800FCE093 /* Release */,
			);
			defaultConfigurationIsVisible = 0;
			defaultConfigurationName = Release;
		};
		924DC4AB275F141800FCE093 /* Build configuration list for PBXNativeTarget "Alodokter_Rakamin_Bootcamp" */ = {
			isa = XCConfigurationList;
			buildConfigurations = (
				924DC4AC275F141800FCE093 /* Debug */,
				924DC4AD275F141800FCE093 /* Release */,
			);
			defaultConfigurationIsVisible = 0;
			defaultConfigurationName = Release;
		};
/* End XCConfigurationList section */
	};
	rootObject = 924DC48F275F141700FCE093 /* Project object */;
}
